
Microsoft Visual Studio Solution File, Format Version 12.00
# Visual Studio Version 17
VisualStudioVersion = 17.6.33801.468
MinimumVisualStudioVersion = 10.0.40219.1
Project("{FAE04EC0-301F-11D3-BF4B-00C04F79EFBC}") = "Web", "Web\Web.csproj", "{B598254A-D97C-48D3-AC00-1765897C6AA6}"
EndProject
Project("{FAE04EC0-301F-11D3-BF4B-00C04F79EFBC}") = "Core", "Core\Core.csproj", "{A33B7F1C-1A07-4211-86EF-D108208F81B8}"
EndProject
Project("{FAE04EC0-301F-11D3-BF4B-00C04F79EFBC}") = "Infrastructure", "Infrastructure\Infrastructure.csproj", "{ACD7E802-71A2-4AFB-81CB-D3772DE906F8}"
EndProject
Global
	GlobalSection(SolutionConfigurationPlatforms) = preSolution
		Debug|Any CPU = Debug|Any CPU
		Release|Any CPU = Release|Any CPU
	EndGlobalSection
	GlobalSection(ProjectConfigurationPlatforms) = postSolution
		{B598254A-D97C-48D3-AC00-1765897C6AA6}.Debug|Any CPU.ActiveCfg = Debug|Any CPU
		{B598254A-D97C-48D3-AC00-1765897C6AA6}.Debug|Any CPU.Build.0 = Debug|Any CPU
		{B598254A-D97C-48D3-AC00-1765897C6AA6}.Release|Any CPU.ActiveCfg = Release|Any CPU
		{B598254A-D97C-48D3-AC00-1765897C6AA6}.Release|Any CPU.Build.0 = Release|Any CPU
		{A33B7F1C-1A07-4211-86EF-D108208F81B8}.Debug|Any CPU.ActiveCfg = Debug|Any CPU
		{A33B7F1C-1A07-4211-86EF-D108208F81B8}.Debug|Any CPU.Build.0 = Debug|Any CPU
		{A33B7F1C-1A07-4211-86EF-D108208F81B8}.Release|Any CPU.ActiveCfg = Release|Any CPU
		{A33B7F1C-1A07-4211-86EF-D108208F81B8}.Release|Any CPU.Build.0 = Release|Any CPU
		{ACD7E802-71A2-4AFB-81CB-D3772DE906F8}.Debug|Any CPU.ActiveCfg = Debug|Any CPU
		{ACD7E802-71A2-4AFB-81CB-D3772DE906F8}.Debug|Any CPU.Build.0 = Debug|Any CPU
		{ACD7E802-71A2-4AFB-81CB-D3772DE906F8}.Release|Any CPU.ActiveCfg = Release|Any CPU
		{ACD7E802-71A2-4AFB-81CB-D3772DE906F8}.Release|Any CPU.Build.0 = Release|Any CPU
	EndGlobalSection
	GlobalSection(SolutionProperties) = preSolution
		HideSolutionNode = FALSE
	EndGlobalSection
	GlobalSection(ExtensibilityGlobals) = postSolution
		SolutionGuid = {6ABD7630-8103-4E8D-BD7F-9A769405BAB0}
	EndGlobalSection
EndGlobal
